# THIS IS AN AUTOGENERATED FILE. DO NOT EDIT THIS FILE DIRECTLY.
# yarn lockfile v1


"@bundled-es-modules/message-format@6.0.4":
  version "6.0.4"
  resolved "https://registry.yarnpkg.com/@bundled-es-modules/message-format/-/message-format-6.0.4.tgz#232da6877adb960f6c8f598c72588a84352de147"
  integrity sha512-NGUoPxqsBzDwvRhY3A3L/AhS1hzS9OWappfyDOyCwE7G3W4ua28gau7QwvJz7QzA6ArbAdeb8c1mLjvd1WUFAA==

"@lion/core@0.18.3", "@lion/core@^0.18.2":
  version "0.18.3"
  resolved "https://registry.yarnpkg.com/@lion/core/-/core-0.18.3.tgz#fbf649e23b5712d5998ef8233013f48fcc598012"
  integrity sha512-BDRuwLnsyg/kDE382xBoe4ytsEsiDkov0h3VN66Y9tvMpnChf6BxAkfY7g+LlxgbsNihmZnykE+eGE7cfP5PSw==
  dependencies:
    "@open-wc/dedupe-mixin" "^1.2.18"
    "@open-wc/scoped-elements" "^2.0.0-next.3"
    lit "^2.0.0-rc.2"

"@lion/form-core@0.15.2":
  version "0.15.2"
  resolved "https://registry.yarnpkg.com/@lion/form-core/-/form-core-0.15.2.tgz#6711a0407c43afa3b08a852010bb83462bc54aa8"
  integrity sha512-wMN4m2zPw0o+XwGB1z9oJ6UTg0L7XeVxzpLQmZqUrgsRP/jiq09q0kEj6rX0R/eSBXbcowemF+p43sBO9wEgoA==
  dependencies:
    "@lion/core" "0.18.3"
    "@lion/localize" "0.21.1"

"@lion/helpers@^0.9.3":
  version "0.9.3"
  resolved "https://registry.yarnpkg.com/@lion/helpers/-/helpers-0.9.3.tgz#82731a1f22dd475b00eb5503b32d25190db00555"
  integrity sha512-tz/VFIl+QGbSfmlfL+ajKPvQhIur7f6GWe2G3x4abURBJ7DV/AjHhnCjsMIetYFMgHy2EJNzbeComAUoCX+eIQ==
  dependencies:
    "@lion/core" "0.18.3"

"@lion/listbox@^0.10.5":
  version "0.10.5"
  resolved "https://registry.yarnpkg.com/@lion/listbox/-/listbox-0.10.5.tgz#427dc0601ac21d4edbebda9a9e24961ffeb75a5f"
  integrity sha512-9iSGO5a6Y9sDXTwG0zm1LRozO156bS3U0uBtP7KvYgiXjM/nNH1oUXUq4+2Ic964hvfCA4UqyAUyCylh0GoZ1g==
  dependencies:
    "@lion/core" "0.18.3"
    "@lion/form-core" "0.15.2"

"@lion/localize@0.21.1":
  version "0.21.1"
  resolved "https://registry.yarnpkg.com/@lion/localize/-/localize-0.21.1.tgz#f1b97879448c5953a3a80bf3310ece7d88f59f66"
  integrity sha512-v9Jb0ZGmCqdaHX3zTqDnGo3cX7L4H5kb9hcTWd3Cvppujr/r3x7XOzWB7tJo6fk49l3El2V7SoV8/FtVvJfK2w==
  dependencies:
    "@bundled-es-modules/message-format" "6.0.4"
    "@lion/core" "0.18.3"
    singleton-manager "1.4.2"

"@lit/reactive-element@^1.0.0", "@lit/reactive-element@^1.0.0-rc.1":
  version "1.0.0"
  resolved "https://registry.yarnpkg.com/@lit/reactive-element/-/reactive-element-1.0.0.tgz#7b6e6a85709cda0370c47e425ac2f3b553696a4b"
  integrity sha512-Kpgenb8UNFsKCsFhggiVvUkCbcFQSd6N8hffYEEGjz27/4rw3cTSsmP9t3q1EHOAsdum60Wo64HvuZDFpEwexA==

"@open-wc/dedupe-mixin@^1.2.18", "@open-wc/dedupe-mixin@^1.3.0":
  version "1.3.0"
  resolved "https://registry.yarnpkg.com/@open-wc/dedupe-mixin/-/dedupe-mixin-1.3.0.tgz#0df5d438285fc3482838786ee81895318f0ff778"
  integrity sha512-UfdK1MPnR6T7f3svzzYBfu3qBkkZ/KsPhcpc3JYhsUY4hbpwNF9wEQtD4Z+/mRqMTJrKg++YSxIxE0FBhY3RIw==

"@open-wc/scoped-elements@^2.0.0-next.3":
  version "2.0.0-next.5"
  resolved "https://registry.yarnpkg.com/@open-wc/scoped-elements/-/scoped-elements-2.0.0-next.5.tgz#46ce9abe3bedbb8c7dc098839f21fe442a93c0c1"
  integrity sha512-yprRHBRDDKhS3CacWi8+UJHG+avhMUO8k6X91AQiHHOcIO4P9E8v2skdGg4bhE2fF/tg5wVex8Sa5ZlsZ21pDg==
  dependencies:
    "@lit/reactive-element" "^1.0.0-rc.1"
    "@open-wc/dedupe-mixin" "^1.3.0"
    "@webcomponents/scoped-custom-element-registry" "0.0.2"

"@types/trusted-types@^2.0.2":
  version "2.0.2"
  resolved "https://registry.yarnpkg.com/@types/trusted-types/-/trusted-types-2.0.2.tgz#fc25ad9943bcac11cceb8168db4f275e0e72e756"
  integrity sha512-F5DIZ36YVLE+PN+Zwws4kJogq47hNgX3Nx6WyDJ3kcplxyke3XIzB8uK5n/Lpm1HBsbGzd6nmGehL8cPekP+Tg==

"@webcomponents/scoped-custom-element-registry@0.0.2":
  version "0.0.2"
  resolved "https://registry.yarnpkg.com/@webcomponents/scoped-custom-element-registry/-/scoped-custom-element-registry-0.0.2.tgz#c863d163cb39c60063808e5ae23e06a1766fbe5f"
  integrity sha512-lKCoZfKoE3FHvmmj2ytaLBB8Grxp4HaxfSzaGlIZN6xXnOILfpCO0PFJkAxanefLGJWMho4kRY5PhgxWFhmSOw==

lit-element@^3.0.0:
  version "3.0.0"
  resolved "https://registry.yarnpkg.com/lit-element/-/lit-element-3.0.0.tgz#0e9e64ddbc3dd6a8da4d6fbfadbc070a54cf0597"
  integrity sha512-oPqRhhBBhs+AlI62QLwtWQNU/bNK/h2L1jI3IDroqZubo6XVAkyNy2dW3CRfjij8mrNlY7wULOfyyKKOnfEePA==
  dependencies:
    "@lit/reactive-element" "^1.0.0"
    lit-html "^2.0.0"

lit-html@^2.0.0:
  version "2.0.0"
  resolved "https://registry.yarnpkg.com/lit-html/-/lit-html-2.0.0.tgz#ba6779269c382e66d7403a96ed99516ccc3d658b"
  integrity sha512-tJsCapCmc0vtLj6harqd6HfCxnlt/RSkgowtz4SC9dFE3nSL38Tb33I5HMDiyJsRjQZRTgpVsahrnDrR9wg27w==
  dependencies:
    "@types/trusted-types" "^2.0.2"

lit@^2.0.0-rc.2:
  version "2.0.0"
  resolved "https://registry.yarnpkg.com/lit/-/lit-2.0.0.tgz#7710095dc518d9858dde579e9c76b9eed71e98ba"
  integrity sha512-pqi5O/wVzQ9Bn4ERRoYQlt1EAUWyY5Wv888vzpoArbtChc+zfUv1XohRqSdtQZYCogl0eHKd+MQwymg2XJfECg==
  dependencies:
    "@lit/reactive-element" "^1.0.0"
    lit-element "^3.0.0"
    lit-html "^2.0.0"

singleton-manager@1.4.2:
  version "1.4.2"
  resolved "https://registry.yarnpkg.com/singleton-manager/-/singleton-manager-1.4.2.tgz#4649acafca3eccf987d828ab16369ee59c4a22a5"
  integrity sha512-3/K7K61TiN0+tw32HRC3AZQBacN0Ky/NmHEnhofFPEFROqZ5T6BXK45Z94OQsvuFD2euOVOU40XDNeTal63Baw==
